// !$*UTF8*$!
{
	archiveVersion = 1;
	classes = {
	};
	objectVersion = 55;
	objects = {

/* Begin PBXBuildFile section */
		44046A372874D4A8000BF56C /* TaskModel.swift in Sources */ = {isa = PBXBuildFile; fileRef = 44046A362874D4A8000BF56C /* TaskModel.swift */; };
		44046A392874D69B000BF56C /* HomeViewVM.swift in Sources */ = {isa = PBXBuildFile; fileRef = 44046A382874D69B000BF56C /* HomeViewVM.swift */; };
		44046A3C2874D87A000BF56C /* AddNewTaskVC.swift in Sources */ = {isa = PBXBuildFile; fileRef = 44046A3B2874D87A000BF56C /* AddNewTaskVC.swift */; };
		44046A402874E2B7000BF56C /* AddNewTaskVM.swift in Sources */ = {isa = PBXBuildFile; fileRef = 44046A3F2874E2B7000BF56C /* AddNewTaskVM.swift */; };
		44046A432874E8FE000BF56C /* CustomTextField.swift in Sources */ = {isa = PBXBuildFile; fileRef = 44046A422874E8FE000BF56C /* CustomTextField.swift */; };
		44046A452874E90C000BF56C /* CustomTextField.xib in Resources */ = {isa = PBXBuildFile; fileRef = 44046A442874E90C000BF56C /* CustomTextField.xib */; };
		4453BFEF2875E1FE00E1BC21 /* TitleTVC.swift in Sources */ = {isa = PBXBuildFile; fileRef = 4453BFED2875E1FD00E1BC21 /* TitleTVC.swift */; };
		4453BFF02875E1FE00E1BC21 /* TitleTVC.xib in Resources */ = {isa = PBXBuildFile; fileRef = 4453BFEE2875E1FD00E1BC21 /* TitleTVC.xib */; };
		4453BFF42875EA5200E1BC21 /* DateTVC.swift in Sources */ = {isa = PBXBuildFile; fileRef = 4453BFF22875EA5200E1BC21 /* DateTVC.swift */; };
		4453BFF52875EA5200E1BC21 /* DateTVC.xib in Resources */ = {isa = PBXBuildFile; fileRef = 4453BFF32875EA5200E1BC21 /* DateTVC.xib */; };
		4453BFF82875F0D400E1BC21 /* PriorityTVC.swift in Sources */ = {isa = PBXBuildFile; fileRef = 4453BFF62875F0D400E1BC21 /* PriorityTVC.swift */; };
		4453BFF92875F0D400E1BC21 /* PriorityTVC.xib in Resources */ = {isa = PBXBuildFile; fileRef = 4453BFF72875F0D400E1BC21 /* PriorityTVC.xib */; };
		4453BFFC2876014700E1BC21 /* TaskDetailTVC.swift in Sources */ = {isa = PBXBuildFile; fileRef = 4453BFFA2876014700E1BC21 /* TaskDetailTVC.swift */; };
		4453BFFD2876014700E1BC21 /* TaskDetailTVC.xib in Resources */ = {isa = PBXBuildFile; fileRef = 4453BFFB2876014700E1BC21 /* TaskDetailTVC.xib */; };
		4453C000287602E300E1BC21 /* TodoTVC.swift in Sources */ = {isa = PBXBuildFile; fileRef = 4453BFFE287602E300E1BC21 /* TodoTVC.swift */; };
		4453C001287602E300E1BC21 /* TodoTVC.xib in Resources */ = {isa = PBXBuildFile; fileRef = 4453BFFF287602E300E1BC21 /* TodoTVC.xib */; };
		4453C005287624AD00E1BC21 /* TodoCell.swift in Sources */ = {isa = PBXBuildFile; fileRef = 4453C004287624AD00E1BC21 /* TodoCell.swift */; };
		4453C0072876250500E1BC21 /* TodoCell.xib in Resources */ = {isa = PBXBuildFile; fileRef = 4453C0062876250500E1BC21 /* TodoCell.xib */; };
		4453C011287A140600E1BC21 /* ExtensionFile.swift in Sources */ = {isa = PBXBuildFile; fileRef = 4453C010287A140600E1BC21 /* ExtensionFile.swift */; };
		4455C6C32881DD7E006F6830 /* AddTodosSnackbar.swift in Sources */ = {isa = PBXBuildFile; fileRef = 4455C6C22881DD7E006F6830 /* AddTodosSnackbar.swift */; };
		44B3F36A287483E200C99658 /* AppDelegate.swift in Sources */ = {isa = PBXBuildFile; fileRef = 44B3F369287483E200C99658 /* AppDelegate.swift */; };
		44B3F36C287483E200C99658 /* SceneDelegate.swift in Sources */ = {isa = PBXBuildFile; fileRef = 44B3F36B287483E200C99658 /* SceneDelegate.swift */; };
		44B3F36E287483E200C99658 /* HomeVC.swift in Sources */ = {isa = PBXBuildFile; fileRef = 44B3F36D287483E200C99658 /* HomeVC.swift */; };
		44B3F371287483E200C99658 /* Main.storyboard in Resources */ = {isa = PBXBuildFile; fileRef = 44B3F36F287483E200C99658 /* Main.storyboard */; };
		44B3F373287483E500C99658 /* Assets.xcassets in Resources */ = {isa = PBXBuildFile; fileRef = 44B3F372287483E500C99658 /* Assets.xcassets */; };
		44B3F376287483E500C99658 /* LaunchScreen.storyboard in Resources */ = {isa = PBXBuildFile; fileRef = 44B3F374287483E500C99658 /* LaunchScreen.storyboard */; };
		44B3F37F287484E700C99658 /* CustomBottomBar.swift in Sources */ = {isa = PBXBuildFile; fileRef = 44B3F37E287484E700C99658 /* CustomBottomBar.swift */; };
		44B3F3822874854F00C99658 /* CustomBottomBar.xib in Resources */ = {isa = PBXBuildFile; fileRef = 44B3F3812874854F00C99658 /* CustomBottomBar.xib */; };
		47944386288EC67300F97F30 /* Utils.swift in Sources */ = {isa = PBXBuildFile; fileRef = 47944385288EC67300F97F30 /* Utils.swift */; };
/* End PBXBuildFile section */

/* Begin PBXFileReference section */
		44046A362874D4A8000BF56C /* TaskModel.swift */ = {isa = PBXFileReference; lastKnownFileType = sourcecode.swift; path = TaskModel.swift; sourceTree = "<group>"; };
		44046A382874D69B000BF56C /* HomeViewVM.swift */ = {isa = PBXFileReference; lastKnownFileType = sourcecode.swift; path = HomeViewVM.swift; sourceTree = "<group>"; };
		44046A3B2874D87A000BF56C /* AddNewTaskVC.swift */ = {isa = PBXFileReference; lastKnownFileType = sourcecode.swift; path = AddNewTaskVC.swift; sourceTree = "<group>"; };
		44046A3F2874E2B7000BF56C /* AddNewTaskVM.swift */ = {isa = PBXFileReference; lastKnownFileType = sourcecode.swift; path = AddNewTaskVM.swift; sourceTree = "<group>"; };
		44046A422874E8FE000BF56C /* CustomTextField.swift */ = {isa = PBXFileReference; lastKnownFileType = sourcecode.swift; path = CustomTextField.swift; sourceTree = "<group>"; };
		44046A442874E90C000BF56C /* CustomTextField.xib */ = {isa = PBXFileReference; lastKnownFileType = file.xib; path = CustomTextField.xib; sourceTree = "<group>"; };
		4453BFED2875E1FD00E1BC21 /* TitleTVC.swift */ = {isa = PBXFileReference; lastKnownFileType = sourcecode.swift; path = TitleTVC.swift; sourceTree = "<group>"; };
		4453BFEE2875E1FD00E1BC21 /* TitleTVC.xib */ = {isa = PBXFileReference; lastKnownFileType = file.xib; path = TitleTVC.xib; sourceTree = "<group>"; };
		4453BFF22875EA5200E1BC21 /* DateTVC.swift */ = {isa = PBXFileReference; lastKnownFileType = sourcecode.swift; path = DateTVC.swift; sourceTree = "<group>"; };
		4453BFF32875EA5200E1BC21 /* DateTVC.xib */ = {isa = PBXFileReference; lastKnownFileType = file.xib; path = DateTVC.xib; sourceTree = "<group>"; };
		4453BFF62875F0D400E1BC21 /* PriorityTVC.swift */ = {isa = PBXFileReference; lastKnownFileType = sourcecode.swift; path = PriorityTVC.swift; sourceTree = "<group>"; };
		4453BFF72875F0D400E1BC21 /* PriorityTVC.xib */ = {isa = PBXFileReference; lastKnownFileType = file.xib; path = PriorityTVC.xib; sourceTree = "<group>"; };
		4453BFFA2876014700E1BC21 /* TaskDetailTVC.swift */ = {isa = PBXFileReference; lastKnownFileType = sourcecode.swift; path = TaskDetailTVC.swift; sourceTree = "<group>"; };
		4453BFFB2876014700E1BC21 /* TaskDetailTVC.xib */ = {isa = PBXFileReference; lastKnownFileType = file.xib; path = TaskDetailTVC.xib; sourceTree = "<group>"; };
		4453BFFE287602E300E1BC21 /* TodoTVC.swift */ = {isa = PBXFileReference; lastKnownFileType = sourcecode.swift; path = TodoTVC.swift; sourceTree = "<group>"; };
		4453BFFF287602E300E1BC21 /* TodoTVC.xib */ = {isa = PBXFileReference; lastKnownFileType = file.xib; path = TodoTVC.xib; sourceTree = "<group>"; };
		4453C004287624AD00E1BC21 /* TodoCell.swift */ = {isa = PBXFileReference; lastKnownFileType = sourcecode.swift; path = TodoCell.swift; sourceTree = "<group>"; };
		4453C0062876250500E1BC21 /* TodoCell.xib */ = {isa = PBXFileReference; lastKnownFileType = file.xib; path = TodoCell.xib; sourceTree = "<group>"; };
		4453C010287A140600E1BC21 /* ExtensionFile.swift */ = {isa = PBXFileReference; lastKnownFileType = sourcecode.swift; path = ExtensionFile.swift; sourceTree = "<group>"; };
		4455C6C22881DD7E006F6830 /* AddTodosSnackbar.swift */ = {isa = PBXFileReference; lastKnownFileType = sourcecode.swift; path = AddTodosSnackbar.swift; sourceTree = "<group>"; };
		44B3F366287483E200C99658 /* TaskManager.app */ = {isa = PBXFileReference; explicitFileType = wrapper.application; includeInIndex = 0; path = TaskManager.app; sourceTree = BUILT_PRODUCTS_DIR; };
		44B3F369287483E200C99658 /* AppDelegate.swift */ = {isa = PBXFileReference; lastKnownFileType = sourcecode.swift; path = AppDelegate.swift; sourceTree = "<group>"; };
		44B3F36B287483E200C99658 /* SceneDelegate.swift */ = {isa = PBXFileReference; lastKnownFileType = sourcecode.swift; path = SceneDelegate.swift; sourceTree = "<group>"; };
		44B3F36D287483E200C99658 /* HomeVC.swift */ = {isa = PBXFileReference; lastKnownFileType = sourcecode.swift; path = HomeVC.swift; sourceTree = "<group>"; };
		44B3F370287483E200C99658 /* Base */ = {isa = PBXFileReference; lastKnownFileType = file.storyboard; name = Base; path = Base.lproj/Main.storyboard; sourceTree = "<group>"; };
		44B3F372287483E500C99658 /* Assets.xcassets */ = {isa = PBXFileReference; lastKnownFileType = folder.assetcatalog; path = Assets.xcassets; sourceTree = "<group>"; };
		44B3F375287483E500C99658 /* Base */ = {isa = PBXFileReference; lastKnownFileType = file.storyboard; name = Base; path = Base.lproj/LaunchScreen.storyboard; sourceTree = "<group>"; };
		44B3F377287483E500C99658 /* Info.plist */ = {isa = PBXFileReference; lastKnownFileType = text.plist.xml; path = Info.plist; sourceTree = "<group>"; };
		44B3F37E287484E700C99658 /* CustomBottomBar.swift */ = {isa = PBXFileReference; lastKnownFileType = sourcecode.swift; path = CustomBottomBar.swift; sourceTree = "<group>"; };
		44B3F3812874854F00C99658 /* CustomBottomBar.xib */ = {isa = PBXFileReference; lastKnownFileType = file.xib; path = CustomBottomBar.xib; sourceTree = "<group>"; };
		47944385288EC67300F97F30 /* Utils.swift */ = {isa = PBXFileReference; lastKnownFileType = sourcecode.swift; path = Utils.swift; sourceTree = "<group>"; };
/* End PBXFileReference section */

/* Begin PBXFrameworksBuildPhase section */
		44B3F363287483E200C99658 /* Frameworks */ = {
			isa = PBXFrameworksBuildPhase;
			buildActionMask = 2147483647;
			files = (
			);
			runOnlyForDeploymentPostprocessing = 0;
		};
/* End PBXFrameworksBuildPhase section */

/* Begin PBXGroup section */
		44046A352874D491000BF56C /* TaskModel */ = {
			isa = PBXGroup;
			children = (
				44046A362874D4A8000BF56C /* TaskModel.swift */,
			);
			path = TaskModel;
			sourceTree = "<group>";
		};
		44046A3A2874D850000BF56C /* ViewControllers */ = {
			isa = PBXGroup;
			children = (
				4455C6C12881DD4F006F6830 /* TodoSnackbar */,
				44046A3E2874E29C000BF56C /* AddNewTask */,
				44046A3D2874E286000BF56C /* Home */,
			);
			path = ViewControllers;
			sourceTree = "<group>";
		};
		44046A3D2874E286000BF56C /* Home */ = {
			isa = PBXGroup;
			children = (
				44B3F36D287483E200C99658 /* HomeVC.swift */,
				44046A382874D69B000BF56C /* HomeViewVM.swift */,
			);
			path = Home;
			sourceTree = "<group>";
		};
		44046A3E2874E29C000BF56C /* AddNewTask */ = {
			isa = PBXGroup;
			children = (
				4453BFEB2875E1C300E1BC21 /* AddNewTasksCells */,
				44046A3B2874D87A000BF56C /* AddNewTaskVC.swift */,
				44046A3F2874E2B7000BF56C /* AddNewTaskVM.swift */,
			);
			path = AddNewTask;
			sourceTree = "<group>";
		};
		44046A412874E7AD000BF56C /* CustomTextField */ = {
			isa = PBXGroup;
			children = (
				44046A422874E8FE000BF56C /* CustomTextField.swift */,
				44046A442874E90C000BF56C /* CustomTextField.xib */,
			);
			path = CustomTextField;
			sourceTree = "<group>";
		};
		4453BFEB2875E1C300E1BC21 /* AddNewTasksCells */ = {
			isa = PBXGroup;
			children = (
				4453BFED2875E1FD00E1BC21 /* TitleTVC.swift */,
				4453BFEE2875E1FD00E1BC21 /* TitleTVC.xib */,
				4453BFF22875EA5200E1BC21 /* DateTVC.swift */,
				4453BFF32875EA5200E1BC21 /* DateTVC.xib */,
				4453BFF62875F0D400E1BC21 /* PriorityTVC.swift */,
				4453BFF72875F0D400E1BC21 /* PriorityTVC.xib */,
				4453BFFA2876014700E1BC21 /* TaskDetailTVC.swift */,
				4453BFFB2876014700E1BC21 /* TaskDetailTVC.xib */,
				4453BFFE287602E300E1BC21 /* TodoTVC.swift */,
				4453BFFF287602E300E1BC21 /* TodoTVC.xib */,
				4453C004287624AD00E1BC21 /* TodoCell.swift */,
				4453C0062876250500E1BC21 /* TodoCell.xib */,
			);
			path = AddNewTasksCells;
			sourceTree = "<group>";
		};
		4453C00F287A13F500E1BC21 /* Common */ = {
			isa = PBXGroup;
			children = (
				4453C010287A140600E1BC21 /* ExtensionFile.swift */,
				47944385288EC67300F97F30 /* Utils.swift */,
			);
			path = Common;
			sourceTree = "<group>";
		};
		4455C6C12881DD4F006F6830 /* TodoSnackbar */ = {
			isa = PBXGroup;
			children = (
				4455C6C22881DD7E006F6830 /* AddTodosSnackbar.swift */,
			);
			path = TodoSnackbar;
			sourceTree = "<group>";
		};
		44B3F35D287483E200C99658 = {
			isa = PBXGroup;
			children = (
				44B3F368287483E200C99658 /* TaskManager */,
				44B3F367287483E200C99658 /* Products */,
			);
			sourceTree = "<group>";
		};
		44B3F367287483E200C99658 /* Products */ = {
			isa = PBXGroup;
			children = (
				44B3F366287483E200C99658 /* TaskManager.app */,
			);
			name = Products;
			sourceTree = "<group>";
		};
		44B3F368287483E200C99658 /* TaskManager */ = {
			isa = PBXGroup;
			children = (
				4453C00F287A13F500E1BC21 /* Common */,
				44046A3A2874D850000BF56C /* ViewControllers */,
				44046A352874D491000BF56C /* TaskModel */,
				44B3F37D287484A100C99658 /* CustomViews */,
				44B3F369287483E200C99658 /* AppDelegate.swift */,
				44B3F36B287483E200C99658 /* SceneDelegate.swift */,
				44B3F36F287483E200C99658 /* Main.storyboard */,
				44B3F372287483E500C99658 /* Assets.xcassets */,
				44B3F374287483E500C99658 /* LaunchScreen.storyboard */,
				44B3F377287483E500C99658 /* Info.plist */,
			);
			path = TaskManager;
			sourceTree = "<group>";
		};
		44B3F37D287484A100C99658 /* CustomViews */ = {
			isa = PBXGroup;
			children = (
				44046A412874E7AD000BF56C /* CustomTextField */,
				44B3F3802874852300C99658 /* BottomBar */,
			);
			path = CustomViews;
			sourceTree = "<group>";
		};
		44B3F3802874852300C99658 /* BottomBar */ = {
			isa = PBXGroup;
			children = (
				44B3F37E287484E700C99658 /* CustomBottomBar.swift */,
				44B3F3812874854F00C99658 /* CustomBottomBar.xib */,
			);
			path = BottomBar;
			sourceTree = "<group>";
		};
/* End PBXGroup section */

/* Begin PBXNativeTarget section */
		44B3F365287483E200C99658 /* TaskManager */ = {
			isa = PBXNativeTarget;
			buildConfigurationList = 44B3F37A287483E500C99658 /* Build configuration list for PBXNativeTarget "TaskManager" */;
			buildPhases = (
				44B3F362287483E200C99658 /* Sources */,
				44B3F363287483E200C99658 /* Frameworks */,
				44B3F364287483E200C99658 /* Resources */,
			);
			buildRules = (
			);
			dependencies = (
			);
			name = TaskManager;
			productName = TaskManager;
			productReference = 44B3F366287483E200C99658 /* TaskManager.app */;
			productType = "com.apple.product-type.application";
		};
/* End PBXNativeTarget section */

/* Begin PBXProject section */
		44B3F35E287483E200C99658 /* Project object */ = {
			isa = PBXProject;
			attributes = {
				BuildIndependentTargetsInParallel = 1;
				LastSwiftUpdateCheck = 1320;
				LastUpgradeCheck = 1320;
				TargetAttributes = {
					44B3F365287483E200C99658 = {
						CreatedOnToolsVersion = 13.2.1;
					};
				};
			};
			buildConfigurationList = 44B3F361287483E200C99658 /* Build configuration list for PBXProject "TaskManager" */;
			compatibilityVersion = "Xcode 13.0";
			developmentRegion = en;
			hasScannedForEncodings = 0;
			knownRegions = (
				en,
				Base,
			);
			mainGroup = 44B3F35D287483E200C99658;
			productRefGroup = 44B3F367287483E200C99658 /* Products */;
			projectDirPath = "";
			projectRoot = "";
			targets = (
				44B3F365287483E200C99658 /* TaskManager */,
			);
		};
/* End PBXProject section */

/* Begin PBXResourcesBuildPhase section */
		44B3F364287483E200C99658 /* Resources */ = {
			isa = PBXResourcesBuildPhase;
			buildActionMask = 2147483647;
			files = (
				44046A452874E90C000BF56C /* CustomTextField.xib in Resources */,
				44B3F376287483E500C99658 /* LaunchScreen.storyboard in Resources */,
				4453BFF02875E1FE00E1BC21 /* TitleTVC.xib in Resources */,
				44B3F3822874854F00C99658 /* CustomBottomBar.xib in Resources */,
				44B3F373287483E500C99658 /* Assets.xcassets in Resources */,
				4453BFF52875EA5200E1BC21 /* DateTVC.xib in Resources */,
				4453BFFD2876014700E1BC21 /* TaskDetailTVC.xib in Resources */,
				4453C001287602E300E1BC21 /* TodoTVC.xib in Resources */,
				44B3F371287483E200C99658 /* Main.storyboard in Resources */,
				4453C0072876250500E1BC21 /* TodoCell.xib in Resources */,
				4453BFF92875F0D400E1BC21 /* PriorityTVC.xib in Resources */,
			);
			runOnlyForDeploymentPostprocessing = 0;
		};
/* End PBXResourcesBuildPhase section */

/* Begin PBXSourcesBuildPhase section */
		44B3F362287483E200C99658 /* Sources */ = {
			isa = PBXSourcesBuildPhase;
			buildActionMask = 2147483647;
			files = (
				4453BFEF2875E1FE00E1BC21 /* TitleTVC.swift in Sources */,
				44B3F36E287483E200C99658 /* HomeVC.swift in Sources */,
				44B3F37F287484E700C99658 /* CustomBottomBar.swift in Sources */,
				4453C000287602E300E1BC21 /* TodoTVC.swift in Sources */,
				4453BFF82875F0D400E1BC21 /* PriorityTVC.swift in Sources */,
				44046A392874D69B000BF56C /* HomeViewVM.swift in Sources */,
				4453BFFC2876014700E1BC21 /* TaskDetailTVC.swift in Sources */,
				44046A372874D4A8000BF56C /* TaskModel.swift in Sources */,
				44046A3C2874D87A000BF56C /* AddNewTaskVC.swift in Sources */,
				44B3F36A287483E200C99658 /* AppDelegate.swift in Sources */,
				4453BFF42875EA5200E1BC21 /* DateTVC.swift in Sources */,
				47944386288EC67300F97F30 /* Utils.swift in Sources */,
				4453C011287A140600E1BC21 /* ExtensionFile.swift in Sources */,
				4455C6C32881DD7E006F6830 /* AddTodosSnackbar.swift in Sources */,
				44046A402874E2B7000BF56C /* AddNewTaskVM.swift in Sources */,
				44B3F36C287483E200C99658 /* SceneDelegate.swift in Sources */,
				4453C005287624AD00E1BC21 /* TodoCell.swift in Sources */,
				44046A432874E8FE000BF56C /* CustomTextField.swift in Sources */,
			);
			runOnlyForDeploymentPostprocessing = 0;
		};
/* End PBXSourcesBuildPhase section */

/* Begin PBXVariantGroup section */
		44B3F36F287483E200C99658 /* Main.storyboard */ = {
			isa = PBXVariantGroup;
			children = (
				44B3F370287483E200C99658 /* Base */,
			);
			name = Main.storyboard;
			sourceTree = "<group>";
		};
		44B3F374287483E500C99658 /* LaunchScreen.storyboard */ = {
			isa = PBXVariantGroup;
			children = (
				44B3F375287483E500C99658 /* Base */,
			);
			name = LaunchScreen.storyboard;
			sourceTree = "<group>";
		};
/* End PBXVariantGroup section */

/* Begin XCBuildConfiguration section */
		44B3F378287483E500C99658 /* Debug */ = {
			isa = XCBuildConfiguration;
			buildSettings = {
				ALWAYS_SEARCH_USER_PATHS = NO;
				CLANG_ANALYZER_NONNULL = YES;
				CLANG_ANALYZER_NUMBER_OBJECT_CONVERSION = YES_AGGRESSIVE;
				CLANG_CXX_LANGUAGE_STANDARD = "gnu++17";
				CLANG_CXX_LIBRARY = "libc++";
				CLANG_ENABLE_MODULES = YES;
				CLANG_ENABLE_OBJC_ARC = YES;
				CLANG_ENABLE_OBJC_WEAK = YES;
				CLANG_WARN_BLOCK_CAPTURE_AUTORELEASING = YES;
				CLANG_WARN_BOOL_CONVERSION = YES;
				CLANG_WARN_COMMA = YES;
				CLANG_WARN_CONSTANT_CONVERSION = YES;
				CLANG_WARN_DEPRECATED_OBJC_IMPLEMENTATIONS = YES;
				CLANG_WARN_DIRECT_OBJC_ISA_USAGE = YES_ERROR;
				CLANG_WARN_DOCUMENTATION_COMMENTS = YES;
				CLANG_WARN_EMPTY_BODY = YES;
				CLANG_WARN_ENUM_CONVERSION = YES;
				CLANG_WARN_INFINITE_RECURSION = YES;
				CLANG_WARN_INT_CONVERSION = YES;
				CLANG_WARN_NON_LITERAL_NULL_CONVERSION = YES;
				CLANG_WARN_OBJC_IMPLICIT_RETAIN_SELF = YES;
				CLANG_WARN_OBJC_LITERAL_CONVERSION = YES;
				CLANG_WARN_OBJC_ROOT_CLASS = YES_ERROR;
				CLANG_WARN_QUOTED_INCLUDE_IN_FRAMEWORK_HEADER = YES;
				CLANG_WARN_RANGE_LOOP_ANALYSIS = YES;
				CLANG_WARN_STRICT_PROTOTYPES = YES;
				CLANG_WARN_SUSPICIOUS_MOVE = YES;
				CLANG_WARN_UNGUARDED_AVAILABILITY = YES_AGGRESSIVE;
				CLANG_WARN_UNREACHABLE_CODE = YES;
				CLANG_WARN__DUPLICATE_METHOD_MATCH = YES;
				COPY_PHASE_STRIP = NO;
				DEBUG_INFORMATION_FORMAT = dwarf;
				ENABLE_STRICT_OBJC_MSGSEND = YES;
				ENABLE_TESTABILITY = YES;
				GCC_C_LANGUAGE_STANDARD = gnu11;
				GCC_DYNAMIC_NO_PIC = NO;
				GCC_NO_COMMON_BLOCKS = YES;
				GCC_OPTIMIZATION_LEVEL = 0;
				GCC_PREPROCESSOR_DEFINITIONS = (
					"DEBUG=1",
					"$(inherited)",
				);
				GCC_WARN_64_TO_32_BIT_CONVERSION = YES;
				GCC_WARN_ABOUT_RETURN_TYPE = YES_ERROR;
				GCC_WARN_UNDECLARED_SELECTOR = YES;
				GCC_WARN_UNINITIALIZED_AUTOS = YES_AGGRESSIVE;
				GCC_WARN_UNUSED_FUNCTION = YES;
				GCC_WARN_UNUSED_VARIABLE = YES;
				IPHONEOS_DEPLOYMENT_TARGET = 15.2;
				MTL_ENABLE_DEBUG_INFO = INCLUDE_SOURCE;
				MTL_FAST_MATH = YES;
				ONLY_ACTIVE_ARCH = YES;
				SDKROOT = iphoneos;
				SWIFT_ACTIVE_COMPILATION_CONDITIONS = DEBUG;
				SWIFT_OPTIMIZATION_LEVEL = "-Onone";
			};
			name = Debug;
		};
		44B3F379287483E500C99658 /* Release */ = {
			isa = XCBuildConfiguration;
			buildSettings = {
				ALWAYS_SEARCH_USER_PATHS = NO;
				CLANG_ANALYZER_NONNULL = YES;
				CLANG_ANALYZER_NUMBER_OBJECT_CONVERSION = YES_AGGRESSIVE;
				CLANG_CXX_LANGUAGE_STANDARD = "gnu++17";
				CLANG_CXX_LIBRARY = "libc++";
				CLANG_ENABLE_MODULES = YES;
				CLANG_ENABLE_OBJC_ARC = YES;
				CLANG_ENABLE_OBJC_WEAK = YES;
				CLANG_WARN_BLOCK_CAPTURE_AUTORELEASING = YES;
				CLANG_WARN_BOOL_CONVERSION = YES;
				CLANG_WARN_COMMA = YES;
				CLANG_WARN_CONSTANT_CONVERSION = YES;
				CLANG_WARN_DEPRECATED_OBJC_IMPLEMENTATIONS = YES;
				CLANG_WARN_DIRECT_OBJC_ISA_USAGE = YES_ERROR;
				CLANG_WARN_DOCUMENTATION_COMMENTS = YES;
				CLANG_WARN_EMPTY_BODY = YES;
				CLANG_WARN_ENUM_CONVERSION = YES;
				CLANG_WARN_INFINITE_RECURSION = YES;
				CLANG_WARN_INT_CONVERSION = YES;
				CLANG_WARN_NON_LITERAL_NULL_CONVERSION = YES;
				CLANG_WARN_OBJC_IMPLICIT_RETAIN_SELF = YES;
				CLANG_WARN_OBJC_LITERAL_CONVERSION = YES;
				CLANG_WARN_OBJC_ROOT_CLASS = YES_ERROR;
				CLANG_WARN_QUOTED_INCLUDE_IN_FRAMEWORK_HEADER = YES;
				CLANG_WARN_RANGE_LOOP_ANALYSIS = YES;
				CLANG_WARN_STRICT_PROTOTYPES = YES;
				CLANG_WARN_SUSPICIOUS_MOVE = YES;
				CLANG_WARN_UNGUARDED_AVAILABILITY = YES_AGGRESSIVE;
				CLANG_WARN_UNREACHABLE_CODE = YES;
				CLANG_WARN__DUPLICATE_METHOD_MATCH = YES;
				COPY_PHASE_STRIP = NO;
				DEBUG_INFORMATION_FORMAT = "dwarf-with-dsym";
				ENABLE_NS_ASSERTIONS = NO;
				ENABLE_STRICT_OBJC_MSGSEND = YES;
				GCC_C_LANGUAGE_STANDARD = gnu11;
				GCC_NO_COMMON_BLOCKS = YES;
				GCC_WARN_64_TO_32_BIT_CONVERSION = YES;
				GCC_WARN_ABOUT_RETURN_TYPE = YES_ERROR;
				GCC_WARN_UNDECLARED_SELECTOR = YES;
				GCC_WARN_UNINITIALIZED_AUTOS = YES_AGGRESSIVE;
				GCC_WARN_UNUSED_FUNCTION = YES;
				GCC_WARN_UNUSED_VARIABLE = YES;
				IPHONEOS_DEPLOYMENT_TARGET = 15.2;
				MTL_ENABLE_DEBUG_INFO = NO;
				MTL_FAST_MATH = YES;
				SDKROOT = iphoneos;
				SWIFT_COMPILATION_MODE = wholemodule;
				SWIFT_OPTIMIZATION_LEVEL = "-O";
				VALIDATE_PRODUCT = YES;
			};
			name = Release;
		};
		44B3F37B287483E500C99658 /* Debug */ = {
			isa = XCBuildConfiguration;
			buildSettings = {
				ASSETCATALOG_COMPILER_APPICON_NAME = AppIcon;
				ASSETCATALOG_COMPILER_GLOBAL_ACCENT_COLOR_NAME = AccentColor;
				CODE_SIGN_STYLE = Automatic;
				CURRENT_PROJECT_VERSION = 1;
				DEVELOPMENT_TEAM = V2MK8MQS4M;
				GENERATE_INFOPLIST_FILE = YES;
				INFOPLIST_FILE = TaskManager/Info.plist;
				INFOPLIST_KEY_UIApplicationSupportsIndirectInputEvents = YES;
				INFOPLIST_KEY_UILaunchStoryboardName = LaunchScreen;
				INFOPLIST_KEY_UIMainStoryboardFile = Main;
				INFOPLIST_KEY_UISupportedInterfaceOrientations_iPad = "UIInterfaceOrientationPortrait UIInterfaceOrientationPortraitUpsideDown UIInterfaceOrientationLandscapeLeft UIInterfaceOrientationLandscapeRight";
				INFOPLIST_KEY_UISupportedInterfaceOrientations_iPhone = "UIInterfaceOrientationPortrait UIInterfaceOrientationLandscapeLeft UIInterfaceOrientationLandscapeRight";
				LD_RUNPATH_SEARCH_PATHS = (
					"$(inherited)",
					"@executable_path/Frameworks",
				);
				MARKETING_VERSION = 1.0;
				PRODUCT_BUNDLE_IDENTIFIER = com.TaskManager;
				PRODUCT_NAME = "$(TARGET_NAME)";
				SWIFT_EMIT_LOC_STRINGS = YES;
				SWIFT_VERSION = 5.0;
				TARGETED_DEVICE_FAMILY = "1,2";
			};
			name = Debug;
		};
		44B3F37C287483E500C99658 /* Release */ = {
			isa = XCBuildConfiguration;
			buildSettings = {
				ASSETCATALOG_COMPILER_APPICON_NAME = AppIcon;
				ASSETCATALOG_COMPILER_GLOBAL_ACCENT_COLOR_NAME = AccentColor;
				CODE_SIGN_STYLE = Automatic;
				CURRENT_PROJECT_VERSION = 1;
				DEVELOPMENT_TEAM = V2MK8MQS4M;
				GENERATE_INFOPLIST_FILE = YES;
				INFOPLIST_FILE = TaskManager/Info.plist;
				INFOPLIST_KEY_UIApplicationSupportsIndirectInputEvents = YES;
				INFOPLIST_KEY_UILaunchStoryboardName = LaunchScreen;
				INFOPLIST_KEY_UIMainStoryboardFile = Main;
				INFOPLIST_KEY_UISupportedInterfaceOrientations_iPad = "UIInterfaceOrientationPortrait UIInterfaceOrientationPortraitUpsideDown UIInterfaceOrientationLandscapeLeft UIInterfaceOrientationLandscapeRight";
				INFOPLIST_KEY_UISupportedInterfaceOrientations_iPhone = "UIInterfaceOrientationPortrait UIInterfaceOrientationLandscapeLeft UIInterfaceOrientationLandscapeRight";
				LD_RUNPATH_SEARCH_PATHS = (
					"$(inherited)",
					"@executable_path/Frameworks",
				);
				MARKETING_VERSION = 1.0;
				PRODUCT_BUNDLE_IDENTIFIER = com.TaskManager;
				PRODUCT_NAME = "$(TARGET_NAME)";
				SWIFT_EMIT_LOC_STRINGS = YES;
				SWIFT_VERSION = 5.0;
				TARGETED_DEVICE_FAMILY = "1,2";
			};
			name = Release;
		};
/* End XCBuildConfiguration section */

/* Begin XCConfigurationList section */
		44B3F361287483E200C99658 /* Build configuration list for PBXProject "TaskManager" */ = {
			isa = XCConfigurationList;
			buildConfigurations = (
				44B3F378287483E500C99658 /* Debug */,
				44B3F379287483E500C99658 /* Release */,
			);
			defaultConfigurationIsVisible = 0;
			defaultConfigurationName = Release;
		};
		44B3F37A287483E500C99658 /* Build configuration list for PBXNativeTarget "TaskManager" */ = {
			isa = XCConfigurationList;
			buildConfigurations = (
				44B3F37B287483E500C99658 /* Debug */,
				44B3F37C287483E500C99658 /* Release */,
			);
			defaultConfigurationIsVisible = 0;
			defaultConfigurationName = Release;
		};
/* End XCConfigurationList section */
	};
	rootObject = 44B3F35E287483E200C99658 /* Project object */;
}
